// !$*UTF8*$!
{
	archiveVersion = 1;
	classes = {
	};
	objectVersion = 55;
	objects = {

/* Begin PBXBuildFile section */
		3C6CFCFC29863A4500BA2150 /* Tests_iOS.swift in Sources */ = {isa = PBXBuildFile; fileRef = 3C6CFCFB29863A4500BA2150 /* Tests_iOS.swift */; };
		3C6CFCFE29863A4500BA2150 /* Tests_iOSLaunchTests.swift in Sources */ = {isa = PBXBuildFile; fileRef = 3C6CFCFD29863A4500BA2150 /* Tests_iOSLaunchTests.swift */; };
		3C6CFD0829863A4500BA2150 /* Tests_macOS.swift in Sources */ = {isa = PBXBuildFile; fileRef = 3C6CFD0729863A4500BA2150 /* Tests_macOS.swift */; };
		3C6CFD0A29863A4500BA2150 /* Tests_macOSLaunchTests.swift in Sources */ = {isa = PBXBuildFile; fileRef = 3C6CFD0929863A4500BA2150 /* Tests_macOSLaunchTests.swift */; };
		3C6CFD0B29863A4500BA2150 /* HateCheckApp.swift in Sources */ = {isa = PBXBuildFile; fileRef = 3C6CFCE329863A4300BA2150 /* HateCheckApp.swift */; };
		3C6CFD0C29863A4500BA2150 /* HateCheckApp.swift in Sources */ = {isa = PBXBuildFile; fileRef = 3C6CFCE329863A4300BA2150 /* HateCheckApp.swift */; };
		3C6CFD0D29863A4500BA2150 /* ContentView.swift in Sources */ = {isa = PBXBuildFile; fileRef = 3C6CFCE429863A4300BA2150 /* ContentView.swift */; };
		3C6CFD0E29863A4500BA2150 /* ContentView.swift in Sources */ = {isa = PBXBuildFile; fileRef = 3C6CFCE429863A4300BA2150 /* ContentView.swift */; };
		3C6CFD0F29863A4500BA2150 /* Assets.xcassets in Resources */ = {isa = PBXBuildFile; fileRef = 3C6CFCE529863A4500BA2150 /* Assets.xcassets */; };
		3C6CFD1029863A4500BA2150 /* Assets.xcassets in Resources */ = {isa = PBXBuildFile; fileRef = 3C6CFCE529863A4500BA2150 /* Assets.xcassets */; };
		3C6CFD202986430900BA2150 /* Storyboard.storyboard in Resources */ = {isa = PBXBuildFile; fileRef = 3C6CFD1F2986430900BA2150 /* Storyboard.storyboard */; };
		3C6CFD212986430900BA2150 /* Storyboard.storyboard in Resources */ = {isa = PBXBuildFile; fileRef = 3C6CFD1F2986430900BA2150 /* Storyboard.storyboard */; };
/* End PBXBuildFile section */

/* Begin PBXContainerItemProxy section */
		3C6CFCF829863A4500BA2150 /* PBXContainerItemProxy */ = {
			isa = PBXContainerItemProxy;
			containerPortal = 3C6CFCDE29863A4300BA2150 /* Project object */;
			proxyType = 1;
			remoteGlobalIDString = 3C6CFCE929863A4500BA2150;
			remoteInfo = "HateCheck (iOS)";
		};
		3C6CFD0429863A4500BA2150 /* PBXContainerItemProxy */ = {
			isa = PBXContainerItemProxy;
			containerPortal = 3C6CFCDE29863A4300BA2150 /* Project object */;
			proxyType = 1;
			remoteGlobalIDString = 3C6CFCEF29863A4500BA2150;
			remoteInfo = "HateCheck (macOS)";
		};
/* End PBXContainerItemProxy section */

/* Begin PBXFileReference section */
		3C6CFCE329863A4300BA2150 /* HateCheckApp.swift */ = {isa = PBXFileReference; lastKnownFileType = sourcecode.swift; path = HateCheckApp.swift; sourceTree = "<group>"; };
		3C6CFCE429863A4300BA2150 /* ContentView.swift */ = {isa = PBXFileReference; lastKnownFileType = sourcecode.swift; path = ContentView.swift; sourceTree = "<group>"; };
		3C6CFCE529863A4500BA2150 /* Assets.xcassets */ = {isa = PBXFileReference; lastKnownFileType = folder.assetcatalog; path = Assets.xcassets; sourceTree = "<group>"; };
		3C6CFCEA29863A4500BA2150 /* HateCheck.app */ = {isa = PBXFileReference; explicitFileType = wrapper.application; includeInIndex = 0; path = HateCheck.app; sourceTree = BUILT_PRODUCTS_DIR; };
		3C6CFCF029863A4500BA2150 /* HateCheck.app */ = {isa = PBXFileReference; explicitFileType = wrapper.application; includeInIndex = 0; path = HateCheck.app; sourceTree = BUILT_PRODUCTS_DIR; };
		3C6CFCF229863A4500BA2150 /* macOS.entitlements */ = {isa = PBXFileReference; lastKnownFileType = text.plist.entitlements; path = macOS.entitlements; sourceTree = "<group>"; };
		3C6CFCF729863A4500BA2150 /* Tests iOS.xctest */ = {isa = PBXFileReference; explicitFileType = wrapper.cfbundle; includeInIndex = 0; path = "Tests iOS.xctest"; sourceTree = BUILT_PRODUCTS_DIR; };
		3C6CFCFB29863A4500BA2150 /* Tests_iOS.swift */ = {isa = PBXFileReference; lastKnownFileType = sourcecode.swift; path = Tests_iOS.swift; sourceTree = "<group>"; };
		3C6CFCFD29863A4500BA2150 /* Tests_iOSLaunchTests.swift */ = {isa = PBXFileReference; lastKnownFileType = sourcecode.swift; path = Tests_iOSLaunchTests.swift; sourceTree = "<group>"; };
		3C6CFD0329863A4500BA2150 /* Tests macOS.xctest */ = {isa = PBXFileReference; explicitFileType = wrapper.cfbundle; includeInIndex = 0; path = "Tests macOS.xctest"; sourceTree = BUILT_PRODUCTS_DIR; };
		3C6CFD0729863A4500BA2150 /* Tests_macOS.swift */ = {isa = PBXFileReference; lastKnownFileType = sourcecode.swift; path = Tests_macOS.swift; sourceTree = "<group>"; };
		3C6CFD0929863A4500BA2150 /* Tests_macOSLaunchTests.swift */ = {isa = PBXFileReference; lastKnownFileType = sourcecode.swift; path = Tests_macOSLaunchTests.swift; sourceTree = "<group>"; };
		3C6CFD1F2986430900BA2150 /* Storyboard.storyboard */ = {isa = PBXFileReference; lastKnownFileType = file.storyboard; path = Storyboard.storyboard; sourceTree = "<group>"; };
/* End PBXFileReference section */

/* Begin PBXFrameworksBuildPhase section */
		3C6CFCE729863A4500BA2150 /* Frameworks */ = {
			isa = PBXFrameworksBuildPhase;
			buildActionMask = 2147483647;
			files = (
			);
			runOnlyForDeploymentPostprocessing = 0;
		};
		3C6CFCED29863A4500BA2150 /* Frameworks */ = {
			isa = PBXFrameworksBuildPhase;
			buildActionMask = 2147483647;
			files = (
			);
			runOnlyForDeploymentPostprocessing = 0;
		};
		3C6CFCF429863A4500BA2150 /* Frameworks */ = {
			isa = PBXFrameworksBuildPhase;
			buildActionMask = 2147483647;
			files = (
			);
			runOnlyForDeploymentPostprocessing = 0;
		};
		3C6CFD0029863A4500BA2150 /* Frameworks */ = {
			isa = PBXFrameworksBuildPhase;
			buildActionMask = 2147483647;
			files = (
			);
			runOnlyForDeploymentPostprocessing = 0;
		};
/* End PBXFrameworksBuildPhase section */

/* Begin PBXGroup section */
		3C6CFCDD29863A4300BA2150 = {
			isa = PBXGroup;
			children = (
				3C6CFCE229863A4300BA2150 /* Shared */,
				3C6CFCF129863A4500BA2150 /* macOS */,
				3C6CFCFA29863A4500BA2150 /* Tests iOS */,
				3C6CFD0629863A4500BA2150 /* Tests macOS */,
				3C6CFCEB29863A4500BA2150 /* Products */,
			);
			sourceTree = "<group>";
		};
		3C6CFCE229863A4300BA2150 /* Shared */ = {
			isa = PBXGroup;
			children = (
				3C6CFCE329863A4300BA2150 /* HateCheckApp.swift */,
				3C6CFCE429863A4300BA2150 /* ContentView.swift */,
				3C6CFD1F2986430900BA2150 /* Storyboard.storyboard */,
				3C6CFCE529863A4500BA2150 /* Assets.xcassets */,
			);
			path = Shared;
			sourceTree = "<group>";
		};
		3C6CFCEB29863A4500BA2150 /* Products */ = {
			isa = PBXGroup;
			children = (
				3C6CFCEA29863A4500BA2150 /* HateCheck.app */,
				3C6CFCF029863A4500BA2150 /* HateCheck.app */,
				3C6CFCF729863A4500BA2150 /* Tests iOS.xctest */,
				3C6CFD0329863A4500BA2150 /* Tests macOS.xctest */,
			);
			name = Products;
			sourceTree = "<group>";
		};
		3C6CFCF129863A4500BA2150 /* macOS */ = {
			isa = PBXGroup;
			children = (
				3C6CFCF229863A4500BA2150 /* macOS.entitlements */,
			);
			path = macOS;
			sourceTree = "<group>";
		};
		3C6CFCFA29863A4500BA2150 /* Tests iOS */ = {
			isa = PBXGroup;
			children = (
				3C6CFCFB29863A4500BA2150 /* Tests_iOS.swift */,
				3C6CFCFD29863A4500BA2150 /* Tests_iOSLaunchTests.swift */,
			);
			path = "Tests iOS";
			sourceTree = "<group>";
		};
		3C6CFD0629863A4500BA2150 /* Tests macOS */ = {
			isa = PBXGroup;
			children = (
				3C6CFD0729863A4500BA2150 /* Tests_macOS.swift */,
				3C6CFD0929863A4500BA2150 /* Tests_macOSLaunchTests.swift */,
			);
			path = "Tests macOS";
			sourceTree = "<group>";
		};
/* End PBXGroup section */

/* Begin PBXNativeTarget section */
		3C6CFCE929863A4500BA2150 /* HateCheck (iOS) */ = {
			isa = PBXNativeTarget;
			buildConfigurationList = 3C6CFD1329863A4500BA2150 /* Build configuration list for PBXNativeTarget "HateCheck (iOS)" */;
			buildPhases = (
				3C6CFCE629863A4500BA2150 /* Sources */,
				3C6CFCE729863A4500BA2150 /* Frameworks */,
				3C6CFCE829863A4500BA2150 /* Resources */,
			);
			buildRules = (
			);
			dependencies = (
			);
			name = "HateCheck (iOS)";
			productName = "HateCheck (iOS)";
			productReference = 3C6CFCEA29863A4500BA2150 /* HateCheck.app */;
			productType = "com.apple.product-type.application";
		};
		3C6CFCEF29863A4500BA2150 /* HateCheck (macOS) */ = {
			isa = PBXNativeTarget;
			buildConfigurationList = 3C6CFD1629863A4500BA2150 /* Build configuration list for PBXNativeTarget "HateCheck (macOS)" */;
			buildPhases = (
				3C6CFCEC29863A4500BA2150 /* Sources */,
				3C6CFCED29863A4500BA2150 /* Frameworks */,
				3C6CFCEE29863A4500BA2150 /* Resources */,
			);
			buildRules = (
			);
			dependencies = (
			);
			name = "HateCheck (macOS)";
			productName = "HateCheck (macOS)";
			productReference = 3C6CFCF029863A4500BA2150 /* HateCheck.app */;
			productType = "com.apple.product-type.application";
		};
		3C6CFCF629863A4500BA2150 /* Tests iOS */ = {
			isa = PBXNativeTarget;
			buildConfigurationList = 3C6CFD1929863A4500BA2150 /* Build configuration list for PBXNativeTarget "Tests iOS" */;
			buildPhases = (
				3C6CFCF329863A4500BA2150 /* Sources */,
				3C6CFCF429863A4500BA2150 /* Frameworks */,
				3C6CFCF529863A4500BA2150 /* Resources */,
			);
			buildRules = (
			);
			dependencies = (
				3C6CFCF929863A4500BA2150 /* PBXTargetDependency */,
			);
			name = "Tests iOS";
			productName = "Tests iOS";
			productReference = 3C6CFCF729863A4500BA2150 /* Tests iOS.xctest */;
			productType = "com.apple.product-type.bundle.ui-testing";
		};
		3C6CFD0229863A4500BA2150 /* Tests macOS */ = {
			isa = PBXNativeTarget;
			buildConfigurationList = 3C6CFD1C29863A4500BA2150 /* Build configuration list for PBXNativeTarget "Tests macOS" */;
			buildPhases = (
				3C6CFCFF29863A4500BA2150 /* Sources */,
				3C6CFD0029863A4500BA2150 /* Frameworks */,
				3C6CFD0129863A4500BA2150 /* Resources */,
			);
			buildRules = (
			);
			dependencies = (
				3C6CFD0529863A4500BA2150 /* PBXTargetDependency */,
			);
			name = "Tests macOS";
			productName = "Tests macOS";
			productReference = 3C6CFD0329863A4500BA2150 /* Tests macOS.xctest */;
			productType = "com.apple.product-type.bundle.ui-testing";
		};
/* End PBXNativeTarget section */

/* Begin PBXProject section */
		3C6CFCDE29863A4300BA2150 /* Project object */ = {
			isa = PBXProject;
			attributes = {
				BuildIndependentTargetsInParallel = 1;
				LastSwiftUpdateCheck = 1340;
				LastUpgradeCheck = 1340;
				TargetAttributes = {
					3C6CFCE929863A4500BA2150 = {
						CreatedOnToolsVersion = 13.4.1;
					};
					3C6CFCEF29863A4500BA2150 = {
						CreatedOnToolsVersion = 13.4.1;
					};
					3C6CFCF629863A4500BA2150 = {
						CreatedOnToolsVersion = 13.4.1;
						TestTargetID = 3C6CFCE929863A4500BA2150;
					};
					3C6CFD0229863A4500BA2150 = {
						CreatedOnToolsVersion = 13.4.1;
						TestTargetID = 3C6CFCEF29863A4500BA2150;
					};
				};
			};
			buildConfigurationList = 3C6CFCE129863A4300BA2150 /* Build configuration list for PBXProject "HateCheck" */;
			compatibilityVersion = "Xcode 13.0";
			developmentRegion = en;
			hasScannedForEncodings = 0;
			knownRegions = (
				en,
				Base,
			);
			mainGroup = 3C6CFCDD29863A4300BA2150;
			productRefGroup = 3C6CFCEB29863A4500BA2150 /* Products */;
			projectDirPath = "";
			projectRoot = "";
			targets = (
				3C6CFCE929863A4500BA2150 /* HateCheck (iOS) */,
				3C6CFCEF29863A4500BA2150 /* HateCheck (macOS) */,
				3C6CFCF629863A4500BA2150 /* Tests iOS */,
				3C6CFD0229863A4500BA2150 /* Tests macOS */,
			);
		};
/* End PBXProject section */

/* Begin PBXResourcesBuildPhase section */
		3C6CFCE829863A4500BA2150 /* Resources */ = {
			isa = PBXResourcesBuildPhase;
			buildActionMask = 2147483647;
			files = (
				3C6CFD0F29863A4500BA2150 /* Assets.xcassets in Resources */,
				3C6CFD202986430900BA2150 /* Storyboard.storyboard in Resources */,
			);
			runOnlyForDeploymentPostprocessing = 0;
		};
		3C6CFCEE29863A4500BA2150 /* Resources */ = {
			isa = PBXResourcesBuildPhase;
			buildActionMask = 2147483647;
			files = (
				3C6CFD1029863A4500BA2150 /* Assets.xcassets in Resources */,
				3C6CFD212986430900BA2150 /* Storyboard.storyboard in Resources */,
			);
			runOnlyForDeploymentPostprocessing = 0;
		};
		3C6CFCF529863A4500BA2150 /* Resources */ = {
			isa = PBXResourcesBuildPhase;
			buildActionMask = 2147483647;
			files = (
			);
			runOnlyForDeploymentPostprocessing = 0;
		};
		3C6CFD0129863A4500BA2150 /* Resources */ = {
			isa = PBXResourcesBuildPhase;
			buildActionMask = 2147483647;
			files = (
			);
			runOnlyForDeploymentPostprocessing = 0;
		};
/* End PBXResourcesBuildPhase section */

/* Begin PBXSourcesBuildPhase section */
		3C6CFCE629863A4500BA2150 /* Sources */ = {
			isa = PBXSourcesBuildPhase;
			buildActionMask = 2147483647;
			files = (
				3C6CFD0D29863A4500BA2150 /* ContentView.swift in Sources */,
				3C6CFD0B29863A4500BA2150 /* HateCheckApp.swift in Sources */,
			);
			runOnlyForDeploymentPostprocessing = 0;
		};
		3C6CFCEC29863A4500BA2150 /* Sources */ = {
			isa = PBXSourcesBuildPhase;
			buildActionMask = 2147483647;
			files = (
				3C6CFD0E29863A4500BA2150 /* ContentView.swift in Sources */,
				3C6CFD0C29863A4500BA2150 /* HateCheckApp.swift in Sources */,
			);
			runOnlyForDeploymentPostprocessing = 0;
		};
		3C6CFCF329863A4500BA2150 /* Sources */ = {
			isa = PBXSourcesBuildPhase;
			buildActionMask = 2147483647;
			files = (
				3C6CFCFE29863A4500BA2150 /* Tests_iOSLaunchTests.swift in Sources */,
				3C6CFCFC29863A4500BA2150 /* Tests_iOS.swift in Sources */,
			);
			runOnlyForDeploymentPostprocessing = 0;
		};
		3C6CFCFF29863A4500BA2150 /* Sources */ = {
			isa = PBXSourcesBuildPhase;
			buildActionMask = 2147483647;
			files = (
				3C6CFD0A29863A4500BA2150 /* Tests_macOSLaunchTests.swift in Sources */,
				3C6CFD0829863A4500BA2150 /* Tests_macOS.swift in Sources */,
			);
			runOnlyForDeploymentPostprocessing = 0;
		};
/* End PBXSourcesBuildPhase section */

/* Begin PBXTargetDependency section */
		3C6CFCF929863A4500BA2150 /* PBXTargetDependency */ = {
			isa = PBXTargetDependency;
			target = 3C6CFCE929863A4500BA2150 /* HateCheck (iOS) */;
			targetProxy = 3C6CFCF829863A4500BA2150 /* PBXContainerItemProxy */;
		};
		3C6CFD0529863A4500BA2150 /* PBXTargetDependency */ = {
			isa = PBXTargetDependency;
			target = 3C6CFCEF29863A4500BA2150 /* HateCheck (macOS) */;
			targetProxy = 3C6CFD0429863A4500BA2150 /* PBXContainerItemProxy */;
		};
/* End PBXTargetDependency section */

/* Begin XCBuildConfiguration section */
		3C6CFD1129863A4500BA2150 /* Debug */ = {
			isa = XCBuildConfiguration;
			buildSettings = {
				ALWAYS_SEARCH_USER_PATHS = NO;
				CLANG_ANALYZER_NONNULL = YES;
				CLANG_ANALYZER_NUMBER_OBJECT_CONVERSION = YES_AGGRESSIVE;
				CLANG_CXX_LANGUAGE_STANDARD = "gnu++17";
				CLANG_ENABLE_MODULES = YES;
				CLANG_ENABLE_OBJC_ARC = YES;
				CLANG_ENABLE_OBJC_WEAK = YES;
				CLANG_WARN_BLOCK_CAPTURE_AUTORELEASING = YES;
				CLANG_WARN_BOOL_CONVERSION = YES;
				CLANG_WARN_COMMA = YES;
				CLANG_WARN_CONSTANT_CONVERSION = YES;
				CLANG_WARN_DEPRECATED_OBJC_IMPLEMENTATIONS = YES;
				CLANG_WARN_DIRECT_OBJC_ISA_USAGE = YES_ERROR;
				CLANG_WARN_DOCUMENTATION_COMMENTS = YES;
				CLANG_WARN_EMPTY_BODY = YES;
				CLANG_WARN_ENUM_CONVERSION = YES;
				CLANG_WARN_INFINITE_RECURSION = YES;
				CLANG_WARN_INT_CONVERSION = YES;
				CLANG_WARN_NON_LITERAL_NULL_CONVERSION = YES;
				CLANG_WARN_OBJC_IMPLICIT_RETAIN_SELF = YES;
				CLANG_WARN_OBJC_LITERAL_CONVERSION = YES;
				CLANG_WARN_OBJC_ROOT_CLASS = YES_ERROR;
				CLANG_WARN_QUOTED_INCLUDE_IN_FRAMEWORK_HEADER = YES;
				CLANG_WARN_RANGE_LOOP_ANALYSIS = YES;
				CLANG_WARN_STRICT_PROTOTYPES = YES;
				CLANG_WARN_SUSPICIOUS_MOVE = YES;
				CLANG_WARN_UNGUARDED_AVAILABILITY = YES_AGGRESSIVE;
				CLANG_WARN_UNREACHABLE_CODE = YES;
				CLANG_WARN__DUPLICATE_METHOD_MATCH = YES;
				COPY_PHASE_STRIP = NO;
				DEBUG_INFORMATION_FORMAT = dwarf;
				ENABLE_STRICT_OBJC_MSGSEND = YES;
				ENABLE_TESTABILITY = YES;
				GCC_C_LANGUAGE_STANDARD = gnu11;
				GCC_DYNAMIC_NO_PIC = NO;
				GCC_NO_COMMON_BLOCKS = YES;
				GCC_OPTIMIZATION_LEVEL = 0;
				GCC_PREPROCESSOR_DEFINITIONS = (
					"DEBUG=1",
					"$(inherited)",
				);
				GCC_WARN_64_TO_32_BIT_CONVERSION = YES;
				GCC_WARN_ABOUT_RETURN_TYPE = YES_ERROR;
				GCC_WARN_UNDECLARED_SELECTOR = YES;
				GCC_WARN_UNINITIALIZED_AUTOS = YES_AGGRESSIVE;
				GCC_WARN_UNUSED_FUNCTION = YES;
				GCC_WARN_UNUSED_VARIABLE = YES;
				MTL_ENABLE_DEBUG_INFO = INCLUDE_SOURCE;
				MTL_FAST_MATH = YES;
				ONLY_ACTIVE_ARCH = YES;
				SWIFT_ACTIVE_COMPILATION_CONDITIONS = DEBUG;
				SWIFT_OPTIMIZATION_LEVEL = "-Onone";
			};
			name = Debug;
		};
		3C6CFD1229863A4500BA2150 /* Release */ = {
			isa = XCBuildConfiguration;
			buildSettings = {
				ALWAYS_SEARCH_USER_PATHS = NO;
				CLANG_ANALYZER_NONNULL = YES;
				CLANG_ANALYZER_NUMBER_OBJECT_CONVERSION = YES_AGGRESSIVE;
				CLANG_CXX_LANGUAGE_STANDARD = "gnu++17";
				CLANG_ENABLE_MODULES = YES;
				CLANG_ENABLE_OBJC_ARC = YES;
				CLANG_ENABLE_OBJC_WEAK = YES;
				CLANG_WARN_BLOCK_CAPTURE_AUTORELEASING = YES;
				CLANG_WARN_BOOL_CONVERSION = YES;
				CLANG_WARN_COMMA = YES;
				CLANG_WARN_CONSTANT_CONVERSION = YES;
				CLANG_WARN_DEPRECATED_OBJC_IMPLEMENTATIONS = YES;
				CLANG_WARN_DIRECT_OBJC_ISA_USAGE = YES_ERROR;
				CLANG_WARN_DOCUMENTATION_COMMENTS = YES;
				CLANG_WARN_EMPTY_BODY = YES;
				CLANG_WARN_ENUM_CONVERSION = YES;
				CLANG_WARN_INFINITE_RECURSION = YES;
				CLANG_WARN_INT_CONVERSION = YES;
				CLANG_WARN_NON_LITERAL_NULL_CONVERSION = YES;
				CLANG_WARN_OBJC_IMPLICIT_RETAIN_SELF = YES;
				CLANG_WARN_OBJC_LITERAL_CONVERSION = YES;
				CLANG_WARN_OBJC_ROOT_CLASS = YES_ERROR;
				CLANG_WARN_QUOTED_INCLUDE_IN_FRAMEWORK_HEADER = YES;
				CLANG_WARN_RANGE_LOOP_ANALYSIS = YES;
				CLANG_WARN_STRICT_PROTOTYPES = YES;
				CLANG_WARN_SUSPICIOUS_MOVE = YES;
				CLANG_WARN_UNGUARDED_AVAILABILITY = YES_AGGRESSIVE;
				CLANG_WARN_UNREACHABLE_CODE = YES;
				CLANG_WARN__DUPLICATE_METHOD_MATCH = YES;
				COPY_PHASE_STRIP = NO;
				DEBUG_INFORMATION_FORMAT = "dwarf-with-dsym";
				ENABLE_NS_ASSERTIONS = NO;
				ENABLE_STRICT_OBJC_MSGSEND = YES;
				GCC_C_LANGUAGE_STANDARD = gnu11;
				GCC_NO_COMMON_BLOCKS = YES;
				GCC_WARN_64_TO_32_BIT_CONVERSION = YES;
				GCC_WARN_ABOUT_RETURN_TYPE = YES_ERROR;
				GCC_WARN_UNDECLARED_SELECTOR = YES;
				GCC_WARN_UNINITIALIZED_AUTOS = YES_AGGRESSIVE;
				GCC_WARN_UNUSED_FUNCTION = YES;
				GCC_WARN_UNUSED_VARIABLE = YES;
				MTL_ENABLE_DEBUG_INFO = NO;
				MTL_FAST_MATH = YES;
				SWIFT_COMPILATION_MODE = wholemodule;
				SWIFT_OPTIMIZATION_LEVEL = "-O";
			};
			name = Release;
		};
		3C6CFD1429863A4500BA2150 /* Debug */ = {
			isa = XCBuildConfiguration;
			buildSettings = {
				ASSETCATALOG_COMPILER_APPICON_NAME = AppIcon;
				ASSETCATALOG_COMPILER_GLOBAL_ACCENT_COLOR_NAME = AccentColor;
				CODE_SIGN_STYLE = Automatic;
				CURRENT_PROJECT_VERSION = 1;
				DEVELOPMENT_TEAM = CMZPXWSC43;
				ENABLE_PREVIEWS = YES;
				GENERATE_INFOPLIST_FILE = YES;
				INFOPLIST_KEY_UIApplicationSceneManifest_Generation = YES;
				INFOPLIST_KEY_UIApplicationSupportsIndirectInputEvents = YES;
				INFOPLIST_KEY_UILaunchScreen_Generation = YES;
				INFOPLIST_KEY_UISupportedInterfaceOrientations_iPad = "UIInterfaceOrientationPortrait UIInterfaceOrientationPortraitUpsideDown UIInterfaceOrientationLandscapeLeft UIInterfaceOrientationLandscapeRight";
				INFOPLIST_KEY_UISupportedInterfaceOrientations_iPhone = "UIInterfaceOrientationPortrait UIInterfaceOrientationLandscapeLeft UIInterfaceOrientationLandscapeRight";
				IPHONEOS_DEPLOYMENT_TARGET = 15.5;
				LD_RUNPATH_SEARCH_PATHS = (
					"$(inherited)",
					"@executable_path/Frameworks",
				);
				MARKETING_VERSION = 1.0;
				PRODUCT_BUNDLE_IDENTIFIER = EugeneYoo.HateCheck;
				PRODUCT_NAME = HateCheck;
				SDKROOT = iphoneos;
				SWIFT_EMIT_LOC_STRINGS = YES;
				SWIFT_VERSION = 5.0;
				TARGETED_DEVICE_FAMILY = "1,2";
			};
			name = Debug;
		};
		3C6CFD1529863A4500BA2150 /* Release */ = {
			isa = XCBuildConfiguration;
			buildSettings = {
				ASSETCATALOG_COMPILER_APPICON_NAME = AppIcon;
				ASSETCATALOG_COMPILER_GLOBAL_ACCENT_COLOR_NAME = AccentColor;
				CODE_SIGN_STYLE = Automatic;
				CURRENT_PROJECT_VERSION = 1;
				DEVELOPMENT_TEAM = CMZPXWSC43;
				ENABLE_PREVIEWS = YES;
				GENERATE_INFOPLIST_FILE = YES;
				INFOPLIST_KEY_UIApplicationSceneManifest_Generation = YES;
				INFOPLIST_KEY_UIApplicationSupportsIndirectInputEvents = YES;
				INFOPLIST_KEY_UILaunchScreen_Generation = YES;
				INFOPLIST_KEY_UISupportedInterfaceOrientations_iPad = "UIInterfaceOrientationPortrait UIInterfaceOrientationPortraitUpsideDown UIInterfaceOrientationLandscapeLeft UIInterfaceOrientationLandscapeRight";
				INFOPLIST_KEY_UISupportedInterfaceOrientations_iPhone = "UIInterfaceOrientationPortrait UIInterfaceOrientationLandscapeLeft UIInterfaceOrientationLandscapeRight";
				IPHONEOS_DEPLOYMENT_TARGET = 15.5;
				LD_RUNPATH_SEARCH_PATHS = (
					"$(inherited)",
					"@executable_path/Frameworks",
				);
				MARKETING_VERSION = 1.0;
				PRODUCT_BUNDLE_IDENTIFIER = EugeneYoo.HateCheck;
				PRODUCT_NAME = HateCheck;
				SDKROOT = iphoneos;
				SWIFT_EMIT_LOC_STRINGS = YES;
				SWIFT_VERSION = 5.0;
				TARGETED_DEVICE_FAMILY = "1,2";
				VALIDATE_PRODUCT = YES;
			};
			name = Release;
		};
		3C6CFD1729863A4500BA2150 /* Debug */ = {
			isa = XCBuildConfiguration;
			buildSettings = {
				ASSETCATALOG_COMPILER_APPICON_NAME = AppIcon;
				ASSETCATALOG_COMPILER_GLOBAL_ACCENT_COLOR_NAME = AccentColor;
				CODE_SIGN_ENTITLEMENTS = macOS/macOS.entitlements;
				CODE_SIGN_STYLE = Automatic;
				COMBINE_HIDPI_IMAGES = YES;
				CURRENT_PROJECT_VERSION = 1;
				DEVELOPMENT_TEAM = CMZPXWSC43;
				ENABLE_HARDENED_RUNTIME = YES;
				ENABLE_PREVIEWS = YES;
				GENERATE_INFOPLIST_FILE = YES;
				INFOPLIST_KEY_NSHumanReadableCopyright = "";
				LD_RUNPATH_SEARCH_PATHS = (
					"$(inherited)",
					"@executable_path/../Frameworks",
				);
				MACOSX_DEPLOYMENT_TARGET = 12.3;
				MARKETING_VERSION = 1.0;
				PRODUCT_BUNDLE_IDENTIFIER = EugeneYoo.HateCheck;
				PRODUCT_NAME = HateCheck;
				SDKROOT = macosx;
				SWIFT_EMIT_LOC_STRINGS = YES;
				SWIFT_VERSION = 5.0;
			};
			name = Debug;
		};
		3C6CFD1829863A4500BA2150 /* Release */ = {
			isa = XCBuildConfiguration;
			buildSettings = {
				ASSETCATALOG_COMPILER_APPICON_NAME = AppIcon;
				ASSETCATALOG_COMPILER_GLOBAL_ACCENT_COLOR_NAME = AccentColor;
				CODE_SIGN_ENTITLEMENTS = macOS/macOS.entitlements;
				CODE_SIGN_STYLE = Automatic;
				COMBINE_HIDPI_IMAGES = YES;
				CURRENT_PROJECT_VERSION = 1;
				DEVELOPMENT_TEAM = CMZPXWSC43;
				ENABLE_HARDENED_RUNTIME = YES;
				ENABLE_PREVIEWS = YES;
				GENERATE_INFOPLIST_FILE = YES;
				INFOPLIST_KEY_NSHumanReadableCopyright = "";
				LD_RUNPATH_SEARCH_PATHS = (
					"$(inherited)",
					"@executable_path/../Frameworks",
				);
				MACOSX_DEPLOYMENT_TARGET = 12.3;
				MARKETING_VERSION = 1.0;
				PRODUCT_BUNDLE_IDENTIFIER = EugeneYoo.HateCheck;
				PRODUCT_NAME = HateCheck;
				SDKROOT = macosx;
				SWIFT_EMIT_LOC_STRINGS = YES;
				SWIFT_VERSION = 5.0;
			};
			name = Release;
		};
		3C6CFD1A29863A4500BA2150 /* Debug */ = {
			isa = XCBuildConfiguration;
			buildSettings = {
				ALWAYS_EMBED_SWIFT_STANDARD_LIBRARIES = YES;
				CODE_SIGN_STYLE = Automatic;
				CURRENT_PROJECT_VERSION = 1;
				DEVELOPMENT_TEAM = CMZPXWSC43;
				GENERATE_INFOPLIST_FILE = YES;
				IPHONEOS_DEPLOYMENT_TARGET = 15.5;
				MARKETING_VERSION = 1.0;
				PRODUCT_BUNDLE_IDENTIFIER = "EugeneYoo.Tests-iOS";
				PRODUCT_NAME = "$(TARGET_NAME)";
				SDKROOT = iphoneos;
				SWIFT_EMIT_LOC_STRINGS = NO;
				SWIFT_VERSION = 5.0;
				TARGETED_DEVICE_FAMILY = "1,2";
				TEST_TARGET_NAME = "HateCheck (iOS)";
			};
			name = Debug;
		};
		3C6CFD1B29863A4500BA2150 /* Release */ = {
			isa = XCBuildConfiguration;
			buildSettings = {
				ALWAYS_EMBED_SWIFT_STANDARD_LIBRARIES = YES;
				CODE_SIGN_STYLE = Automatic;
				CURRENT_PROJECT_VERSION = 1;
				DEVELOPMENT_TEAM = CMZPXWSC43;
				GENERATE_INFOPLIST_FILE = YES;
				IPHONEOS_DEPLOYMENT_TARGET = 15.5;
				MARKETING_VERSION = 1.0;
				PRODUCT_BUNDLE_IDENTIFIER = "EugeneYoo.Tests-iOS";
				PRODUCT_NAME = "$(TARGET_NAME)";
				SDKROOT = iphoneos;
				SWIFT_EMIT_LOC_STRINGS = NO;
				SWIFT_VERSION = 5.0;
				TARGETED_DEVICE_FAMILY = "1,2";
				TEST_TARGET_NAME = "HateCheck (iOS)";
				VALIDATE_PRODUCT = YES;
			};
			name = Release;
		};
		3C6CFD1D29863A4500BA2150 /* Debug */ = {
			isa = XCBuildConfiguration;
			buildSettings = {
				ALWAYS_EMBED_SWIFT_STANDARD_LIBRARIES = YES;
				CODE_SIGN_STYLE = Automatic;
				CURRENT_PROJECT_VERSION = 1;
				DEVELOPMENT_TEAM = CMZPXWSC43;
				GENERATE_INFOPLIST_FILE = YES;
				MACOSX_DEPLOYMENT_TARGET = 12.3;
				MARKETING_VERSION = 1.0;
				PRODUCT_BUNDLE_IDENTIFIER = "EugeneYoo.Tests-macOS";
				PRODUCT_NAME = "$(TARGET_NAME)";
				SDKROOT = macosx;
				SWIFT_EMIT_LOC_STRINGS = NO;
				SWIFT_VERSION = 5.0;
				TEST_TARGET_NAME = "HateCheck (macOS)";
			};
			name = Debug;
		};
		3C6CFD1E29863A4500BA2150 /* Release */ = {
			isa = XCBuildConfiguration;
			buildSettings = {
				ALWAYS_EMBED_SWIFT_STANDARD_LIBRARIES = YES;
				CODE_SIGN_STYLE = Automatic;
				CURRENT_PROJECT_VERSION = 1;
				DEVELOPMENT_TEAM = CMZPXWSC43;
				GENERATE_INFOPLIST_FILE = YES;
				MACOSX_DEPLOYMENT_TARGET = 12.3;
				MARKETING_VERSION = 1.0;
				PRODUCT_BUNDLE_IDENTIFIER = "EugeneYoo.Tests-macOS";
				PRODUCT_NAME = "$(TARGET_NAME)";
				SDKROOT = macosx;
				SWIFT_EMIT_LOC_STRINGS = NO;
				SWIFT_VERSION = 5.0;
				TEST_TARGET_NAME = "HateCheck (macOS)";
			};
			name = Release;
		};
/* End XCBuildConfiguration section */

/* Begin XCConfigurationList section */
		3C6CFCE129863A4300BA2150 /* Build configuration list for PBXProject "HateCheck" */ = {
			isa = XCConfigurationList;
			buildConfigurations = (
				3C6CFD1129863A4500BA2150 /* Debug */,
				3C6CFD1229863A4500BA2150 /* Release */,
			);
			defaultConfigurationIsVisible = 0;
			defaultConfigurationName = Release;
		};
		3C6CFD1329863A4500BA2150 /* Build configuration list for PBXNativeTarget "HateCheck (iOS)" */ = {
			isa = XCConfigurationList;
			buildConfigurations = (
				3C6CFD1429863A4500BA2150 /* Debug */,
				3C6CFD1529863A4500BA2150 /* Release */,
			);
			defaultConfigurationIsVisible = 0;
			defaultConfigurationName = Release;
		};
		3C6CFD1629863A4500BA2150 /* Build configuration list for PBXNativeTarget "HateCheck (macOS)" */ = {
			isa = XCConfigurationList;
			buildConfigurations = (
				3C6CFD1729863A4500BA2150 /* Debug */,
				3C6CFD1829863A4500BA2150 /* Release */,
			);
			defaultConfigurationIsVisible = 0;
			defaultConfigurationName = Release;
		};
		3C6CFD1929863A4500BA2150 /* Build configuration list for PBXNativeTarget "Tests iOS" */ = {
			isa = XCConfigurationList;
			buildConfigurations = (
				3C6CFD1A29863A4500BA2150 /* Debug */,
				3C6CFD1B29863A4500BA2150 /* Release */,
			);
			defaultConfigurationIsVisible = 0;
			defaultConfigurationName = Release;
		};
		3C6CFD1C29863A4500BA2150 /* Build configuration list for PBXNativeTarget "Tests macOS" */ = {
			isa = XCConfigurationList;
			buildConfigurations = (
				3C6CFD1D29863A4500BA2150 /* Debug */,
				3C6CFD1E29863A4500BA2150 /* Release */,
			);
			defaultConfigurationIsVisible = 0;
			defaultConfigurationName = Release;
		};
/* End XCConfigurationList section */
	};
	rootObject = 3C6CFCDE29863A4300BA2150 /* Project object */;
}
